<?xml version="1.0" encoding="UTF-8"?>
<Scheme
   LastUpgradeVersion = "0610"
   version = "1.3">
   <BuildAction
      parallelizeBuildables = "YES"
      buildImplicitDependencies = "YES">
      <BuildActionEntries>
         <BuildActionEntry
            buildForTesting = "YES"
            buildForRunning = "YES"
            buildForProfiling = "YES"
            buildForArchiving = "YES"
            buildForAnalyzing = "YES">
            <BuildableReference
               BuildableIdentifier = "primary"
               BlueprintIdentifier = "0AB8BA6C1A13D98300092455"
               BuildableName = "qemu_target"
               BlueprintName = "qemu_target"
               ReferencedContainer = "container:qemu-xcode.xcodeproj">
            </BuildableReference>
         </BuildActionEntry>
      </BuildActionEntries>
   </BuildAction>
   <TestAction
      selectedDebuggerIdentifier = "Xcode.DebuggerFoundation.Debugger.LLDB"
      selectedLauncherIdentifier = "Xcode.DebuggerFoundation.Launcher.LLDB"
      shouldUseLaunchSchemeArgsEnv = "YES"
      buildConfiguration = "Debug">
      <Testables>
      </Testables>
   </TestAction>
   <LaunchAction
      selectedDebuggerIdentifier = "Xcode.DebuggerFoundation.Debugger.LLDB"
      selectedLauncherIdentifier = "Xcode.DebuggerFoundation.Launcher.LLDB"
      launchStyle = "0"
      useCustomWorkingDirectory = "YES"
      customWorkingDirectory = "/Users/ronmarianetti/Projects/pebble/qemu/build"
      buildConfiguration = "Debug"
      ignoresPersistentStateOnLaunch = "NO"
      debugDocumentVersioning = "YES"
      allowLocationSimulation = "YES">
      <PathRunnable
         FilePath = "/Users/ronmarianetti/Projects/pebble/qemu/build/arm-softmmu/qemu-system-arm">
      </PathRunnable>
      <MacroExpansion>
         <BuildableReference
            BuildableIdentifier = "primary"
            BlueprintIdentifier = "0AB8BA6C1A13D98300092455"
            BuildableName = "qemu_target"
            BlueprintName = "qemu_target"
            ReferencedContainer = "container:qemu-xcode.xcodeproj">
         </BuildableReference>
      </MacroExpansion>
      <CommandLineArguments>
         <CommandLineArgument
            argument = " -s -rtc base=localtime -machine pebble-bb2  -cpu cortex-m3 -pflash ../test_images/qemu_micro_flash.bin -mtdblock ../test_images/qemu_spi_flash.bin -serial file:uart1.log  -serial tcp::12344,server,nowait  -serial tcp::12345,server,nowait    -monitor stdio  -d unimp"
            isEnabled = "YES">
         </CommandLineArgument>
         <CommandLineArgument
            argument = "-icount 0"
            isEnabled = "NO">
         </CommandLineArgument>
         <CommandLineArgument
            argument = "-d out_asm,in_asm,op,op_opt,int,exec,cpu,pcall,cpu_reset,ioport,unimp,guest_errors"
            isEnabled = "NO">
         </CommandLineArgument>
         <CommandLineArgument
            argument = "-S"
            isEnabled = "NO">
         </CommandLineArgument>
         <CommandLineArgument
            argument = "-d op,op_opt,int,pcall,cpu_reset,ioport,unimp,guest_errors"
            isEnabled = "NO">
         </CommandLineArgument>
      </CommandLineArguments>
      <EnvironmentVariables>
         <EnvironmentVariable
            key = "MallocStackLogging"
            value = "1"
            isEnabled = "NO">
         </EnvironmentVariable>
         <EnvironmentVariable
            key = "MallocCheckHeapStart"
            value = "1"
            isEnabled = "NO">
         </EnvironmentVariable>
         <EnvironmentVariable
            key = "MallocCheckHeapEach"
            value = "1"
            isEnabled = "NO">
         </EnvironmentVariable>
      </EnvironmentVariables>
      <AdditionalOptions>
      </AdditionalOptions>
   </LaunchAction>
   <ProfileAction
      shouldUseLaunchSchemeArgsEnv = "YES"
      savedToolIdentifier = ""
      useCustomWorkingDirectory = "NO"
      buildConfiguration = "Release"
      debugDocumentVersioning = "YES">
      <MacroExpansion>
         <BuildableReference
            BuildableIdentifier = "primary"
            BlueprintIdentifier = "0AB8BA6C1A13D98300092455"
            BuildableName = "qemu_target"
            BlueprintName = "qemu_target"
            ReferencedContainer = "container:qemu-xcode.xcodeproj">
         </BuildableReference>
      </MacroExpansion>
   </ProfileAction>
   <AnalyzeAction
      buildConfiguration = "Debug">
   </AnalyzeAction>
   <ArchiveAction
      buildConfiguration = "Release"
      revealArchiveInOrganizer = "YES">
   </ArchiveAction>
</Scheme>
